
Microsoft Visual Studio Solution File, Format Version 12.00
# Visual Studio Version 16
VisualStudioVersion = 16.0.28803.202
MinimumVisualStudioVersion = 10.0.40219.1
Project("{FAE04EC0-301F-11D3-BF4B-00C04F79EFBC}") = "Starter.Repository", "Starter.Repository\Starter.Repository.csproj", "{EAA6FB3D-5EE1-482B-943B-57218BC6F7BE}"
EndProject
Project("{FAE04EC0-301F-11D3-BF4B-00C04F79EFBC}") = "Starter.Service", "Starter.Service\Starter.Service.csproj", "{CA737662-8EA8-46D2-A26A-54021F5CC153}"
EndProject
Project("{FAE04EC0-301F-11D3-BF4B-00C04F79EFBC}") = "Starter.Entity", "Starter.Entity\Starter.Entity.csproj", "{7703F281-5A8E-414A-A11F-BC9CDB269B48}"
EndProject
Project("{FAE04EC0-301F-11D3-BF4B-00C04F79EFBC}") = "Starter.WebApi", "Starter.WebApi\Starter.WebApi.csproj", "{3953BD8B-9873-4957-8084-EB614B4E964E}"
EndProject
Project("{FAE04EC0-301F-11D3-BF4B-00C04F79EFBC}") = "Starter.DIExtension", "Starter.DIRepository\Starter.DIExtension.csproj", "{A86A2DE3-53EF-40CB-84C3-72DDE8C4EF26}"
EndProject
Global
	GlobalSection(SolutionConfigurationPlatforms) = preSolution
		Debug|Any CPU = Debug|Any CPU
		Release|Any CPU = Release|Any CPU
	EndGlobalSection
	GlobalSection(ProjectConfigurationPlatforms) = postSolution
		{EAA6FB3D-5EE1-482B-943B-57218BC6F7BE}.Debug|Any CPU.ActiveCfg = Debug|Any CPU
		{EAA6FB3D-5EE1-482B-943B-57218BC6F7BE}.Debug|Any CPU.Build.0 = Debug|Any CPU
		{EAA6FB3D-5EE1-482B-943B-57218BC6F7BE}.Release|Any CPU.ActiveCfg = Release|Any CPU
		{EAA6FB3D-5EE1-482B-943B-57218BC6F7BE}.Release|Any CPU.Build.0 = Release|Any CPU
		{CA737662-8EA8-46D2-A26A-54021F5CC153}.Debug|Any CPU.ActiveCfg = Debug|Any CPU
		{CA737662-8EA8-46D2-A26A-54021F5CC153}.Debug|Any CPU.Build.0 = Debug|Any CPU
		{CA737662-8EA8-46D2-A26A-54021F5CC153}.Release|Any CPU.ActiveCfg = Release|Any CPU
		{CA737662-8EA8-46D2-A26A-54021F5CC153}.Release|Any CPU.Build.0 = Release|Any CPU
		{7703F281-5A8E-414A-A11F-BC9CDB269B48}.Debug|Any CPU.ActiveCfg = Debug|Any CPU
		{7703F281-5A8E-414A-A11F-BC9CDB269B48}.Debug|Any CPU.Build.0 = Debug|Any CPU
		{7703F281-5A8E-414A-A11F-BC9CDB269B48}.Release|Any CPU.ActiveCfg = Release|Any CPU
		{7703F281-5A8E-414A-A11F-BC9CDB269B48}.Release|Any CPU.Build.0 = Release|Any CPU
		{3953BD8B-9873-4957-8084-EB614B4E964E}.Debug|Any CPU.ActiveCfg = Debug|Any CPU
		{3953BD8B-9873-4957-8084-EB614B4E964E}.Debug|Any CPU.Build.0 = Debug|Any CPU
		{3953BD8B-9873-4957-8084-EB614B4E964E}.Release|Any CPU.ActiveCfg = Release|Any CPU
		{3953BD8B-9873-4957-8084-EB614B4E964E}.Release|Any CPU.Build.0 = Release|Any CPU
		{A86A2DE3-53EF-40CB-84C3-72DDE8C4EF26}.Debug|Any CPU.ActiveCfg = Debug|Any CPU
		{A86A2DE3-53EF-40CB-84C3-72DDE8C4EF26}.Debug|Any CPU.Build.0 = Debug|Any CPU
		{A86A2DE3-53EF-40CB-84C3-72DDE8C4EF26}.Release|Any CPU.ActiveCfg = Release|Any CPU
		{A86A2DE3-53EF-40CB-84C3-72DDE8C4EF26}.Release|Any CPU.Build.0 = Release|Any CPU
	EndGlobalSection
	GlobalSection(SolutionProperties) = preSolution
		HideSolutionNode = FALSE
	EndGlobalSection
	GlobalSection(ExtensibilityGlobals) = postSolution
		SolutionGuid = {0C597997-087E-468B-BFC4-4B6CB3831E6A}
	EndGlobalSection
EndGlobal
